
Microsoft Visual Studio Solution File, Format Version 12.00
# Visual Studio Version 17
VisualStudioVersion = 17.5.33516.290
MinimumVisualStudioVersion = 10.0.40219.1
Project("{FAE04EC0-301F-11D3-BF4B-00C04F79EFBC}") = "AsciiNumber", "AsciiNumber\AsciiNumber.csproj", "{2037F9F7-E293-4D37-9561-25DB963E6534}"
EndProject
Global
	GlobalSection(SolutionConfigurationPlatforms) = preSolution
		Debug|Any CPU = Debug|Any CPU
		Release|Any CPU = Release|Any CPU
	EndGlobalSection
	GlobalSection(ProjectConfigurationPlatforms) = postSolution
		{2037F9F7-E293-4D37-9561-25DB963E6534}.Debug|Any CPU.ActiveCfg = Debug|Any CPU
		{2037F9F7-E293-4D37-9561-25DB963E6534}.Debug|Any CPU.Build.0 = Debug|Any CPU
		{2037F9F7-E293-4D37-9561-25DB963E6534}.Release|Any CPU.ActiveCfg = Release|Any CPU
		{2037F9F7-E293-4D37-9561-25DB963E6534}.Release|Any CPU.Build.0 = Release|Any CPU
	EndGlobalSection
	GlobalSection(SolutionProperties) = preSolution
		HideSolutionNode = FALSE
	EndGlobalSection
	GlobalSection(ExtensibilityGlobals) = postSolution
		SolutionGuid = {839476A6-1518-4F52-BE92-39DF70A9240E}
	EndGlobalSection
EndGlobal
